
Microsoft Visual Studio Solution File, Format Version 12.00
# Visual Studio 15
VisualStudioVersion = 15.0.27703.2047
MinimumVisualStudioVersion = 10.0.40219.1
Project("{FAE04EC0-301F-11D3-BF4B-00C04F79EFBC}") = "OutputStream", "OutputStream\OutputStream.csproj", "{B50861F7-6945-4A05-B1B0-4EDF9BB49A47}"
EndProject
Global
	GlobalSection(SolutionConfigurationPlatforms) = preSolution
		Debug|Any CPU = Debug|Any CPU
		Release|Any CPU = Release|Any CPU
	EndGlobalSection
	GlobalSection(ProjectConfigurationPlatforms) = postSolution
		{B50861F7-6945-4A05-B1B0-4EDF9BB49A47}.Debug|Any CPU.ActiveCfg = Debug|Any CPU
		{B50861F7-6945-4A05-B1B0-4EDF9BB49A47}.Debug|Any CPU.Build.0 = Debug|Any CPU
		{B50861F7-6945-4A05-B1B0-4EDF9BB49A47}.Release|Any CPU.ActiveCfg = Release|Any CPU
		{B50861F7-6945-4A05-B1B0-4EDF9BB49A47}.Release|Any CPU.Build.0 = Release|Any CPU
	EndGlobalSection
	GlobalSection(SolutionProperties) = preSolution
		HideSolutionNode = FALSE
	EndGlobalSection
	GlobalSection(ExtensibilityGlobals) = postSolution
		SolutionGuid = {DBFD246E-1B09-4D8F-84A0-75F3F9A70387}
	EndGlobalSection
EndGlobal
