
Microsoft Visual Studio Solution File, Format Version 12.00
# Visual Studio 15
VisualStudioVersion = 15.0.27703.2047
MinimumVisualStudioVersion = 10.0.40219.1
Project("{FAE04EC0-301F-11D3-BF4B-00C04F79EFBC}") = "LSLSendingData", "LSLSendingData\LSLSendingData.csproj", "{02FF48F4-C572-4D1A-BE37-3940FD95B1AA}"
EndProject
Global
	GlobalSection(SolutionConfigurationPlatforms) = preSolution
		Debug|Any CPU = Debug|Any CPU
		Release|Any CPU = Release|Any CPU
	EndGlobalSection
	GlobalSection(ProjectConfigurationPlatforms) = postSolution
		{02FF48F4-C572-4D1A-BE37-3940FD95B1AA}.Debug|Any CPU.ActiveCfg = Debug|Any CPU
		{02FF48F4-C572-4D1A-BE37-3940FD95B1AA}.Debug|Any CPU.Build.0 = Debug|Any CPU
		{02FF48F4-C572-4D1A-BE37-3940FD95B1AA}.Release|Any CPU.ActiveCfg = Release|Any CPU
		{02FF48F4-C572-4D1A-BE37-3940FD95B1AA}.Release|Any CPU.Build.0 = Release|Any CPU
	EndGlobalSection
	GlobalSection(SolutionProperties) = preSolution
		HideSolutionNode = FALSE
	EndGlobalSection
	GlobalSection(ExtensibilityGlobals) = postSolution
		SolutionGuid = {B63F2AE7-0C8B-45BC-BAF7-FF6C7437975B}
	EndGlobalSection
EndGlobal
